
Microsoft Visual Studio Solution File, Format Version 12.00
# Visual Studio 15
VisualStudioVersion = 15.0.28010.2003
MinimumVisualStudioVersion = 10.0.40219.1
Project("{FAE04EC0-301F-11D3-BF4B-00C04F79EFBC}") = "WebApplication1", "WebApplication1\WebApplication1.csproj", "{14A59E80-8F2C-4479-8BC8-2947B74C33D0}"
EndProject
Project("{2150E333-8FDC-42A3-9474-1A3956D46DE8}") = "DB", "DB", "{03B53D6C-D401-4E4D-B470-DA1C302175F6}"
EndProject
Project("{00D1A9C2-B5F0-4AF3-8072-F6C62B433612}") = "OutSource.DB", "DB\OutSource.DB\OutSource.DB.sqlproj", "{BBD660AD-B986-4983-B30F-EF44A4B9CA98}"
EndProject
Project("{FAE04EC0-301F-11D3-BF4B-00C04F79EFBC}") = "OutSource.EF", "DB\OutSource.EF\OutSource.EF.csproj", "{A9DA8A08-4A42-42D2-9E59-AA110684A5A7}"
EndProject
Global
	GlobalSection(SolutionConfigurationPlatforms) = preSolution
		Debug|Any CPU = Debug|Any CPU
		Release|Any CPU = Release|Any CPU
	EndGlobalSection
	GlobalSection(ProjectConfigurationPlatforms) = postSolution
		{14A59E80-8F2C-4479-8BC8-2947B74C33D0}.Debug|Any CPU.ActiveCfg = Debug|Any CPU
		{14A59E80-8F2C-4479-8BC8-2947B74C33D0}.Debug|Any CPU.Build.0 = Debug|Any CPU
		{14A59E80-8F2C-4479-8BC8-2947B74C33D0}.Release|Any CPU.ActiveCfg = Release|Any CPU
		{14A59E80-8F2C-4479-8BC8-2947B74C33D0}.Release|Any CPU.Build.0 = Release|Any CPU
		{BBD660AD-B986-4983-B30F-EF44A4B9CA98}.Debug|Any CPU.ActiveCfg = Debug|Any CPU
		{BBD660AD-B986-4983-B30F-EF44A4B9CA98}.Debug|Any CPU.Build.0 = Debug|Any CPU
		{BBD660AD-B986-4983-B30F-EF44A4B9CA98}.Debug|Any CPU.Deploy.0 = Debug|Any CPU
		{BBD660AD-B986-4983-B30F-EF44A4B9CA98}.Release|Any CPU.ActiveCfg = Release|Any CPU
		{BBD660AD-B986-4983-B30F-EF44A4B9CA98}.Release|Any CPU.Build.0 = Release|Any CPU
		{BBD660AD-B986-4983-B30F-EF44A4B9CA98}.Release|Any CPU.Deploy.0 = Release|Any CPU
		{A9DA8A08-4A42-42D2-9E59-AA110684A5A7}.Debug|Any CPU.ActiveCfg = Debug|Any CPU
		{A9DA8A08-4A42-42D2-9E59-AA110684A5A7}.Debug|Any CPU.Build.0 = Debug|Any CPU
		{A9DA8A08-4A42-42D2-9E59-AA110684A5A7}.Release|Any CPU.ActiveCfg = Release|Any CPU
		{A9DA8A08-4A42-42D2-9E59-AA110684A5A7}.Release|Any CPU.Build.0 = Release|Any CPU
	EndGlobalSection
	GlobalSection(SolutionProperties) = preSolution
		HideSolutionNode = FALSE
	EndGlobalSection
	GlobalSection(NestedProjects) = preSolution
		{BBD660AD-B986-4983-B30F-EF44A4B9CA98} = {03B53D6C-D401-4E4D-B470-DA1C302175F6}
	EndGlobalSection
	GlobalSection(ExtensibilityGlobals) = postSolution
		SolutionGuid = {F4EE44C7-957F-4B44-A90B-D27B8483E14F}
	EndGlobalSection
EndGlobal
